
Microsoft Visual Studio Solution File, Format Version 12.00
# Visual Studio Version 16
VisualStudioVersion = 16.0.29230.47
MinimumVisualStudioVersion = 15.0.26124.0
Project("{9A19103F-16F7-4668-BE54-9A1E7A4F7556}") = "KinesisSharp", "KinesisSharp\KinesisSharp.csproj", "{9617ED76-1596-49CA-864C-207DDFD279C2}"
EndProject
Project("{9A19103F-16F7-4668-BE54-9A1E7A4F7556}") = "Tester", "Tester\Tester.csproj", "{7ABCDDF2-C8B5-4DE1-B8C5-B9C53E06758E}"
EndProject
Project("{FAE04EC0-301F-11D3-BF4B-00C04F79EFBC}") = "Tests", "Tests\Tests.csproj", "{68CC645D-C200-4452-9AFE-95BF79BCBCAC}"
EndProject
Global
	GlobalSection(SolutionConfigurationPlatforms) = preSolution
		Debug|Any CPU = Debug|Any CPU
		Debug|x64 = Debug|x64
		Debug|x86 = Debug|x86
		Release|Any CPU = Release|Any CPU
		Release|x64 = Release|x64
		Release|x86 = Release|x86
	EndGlobalSection
	GlobalSection(ProjectConfigurationPlatforms) = postSolution
		{9617ED76-1596-49CA-864C-207DDFD279C2}.Debug|Any CPU.ActiveCfg = Debug|Any CPU
		{9617ED76-1596-49CA-864C-207DDFD279C2}.Debug|Any CPU.Build.0 = Debug|Any CPU
		{9617ED76-1596-49CA-864C-207DDFD279C2}.Debug|x64.ActiveCfg = Debug|Any CPU
		{9617ED76-1596-49CA-864C-207DDFD279C2}.Debug|x64.Build.0 = Debug|Any CPU
		{9617ED76-1596-49CA-864C-207DDFD279C2}.Debug|x86.ActiveCfg = Debug|Any CPU
		{9617ED76-1596-49CA-864C-207DDFD279C2}.Debug|x86.Build.0 = Debug|Any CPU
		{9617ED76-1596-49CA-864C-207DDFD279C2}.Release|Any CPU.ActiveCfg = Release|Any CPU
		{9617ED76-1596-49CA-864C-207DDFD279C2}.Release|Any CPU.Build.0 = Release|Any CPU
		{9617ED76-1596-49CA-864C-207DDFD279C2}.Release|x64.ActiveCfg = Release|Any CPU
		{9617ED76-1596-49CA-864C-207DDFD279C2}.Release|x64.Build.0 = Release|Any CPU
		{9617ED76-1596-49CA-864C-207DDFD279C2}.Release|x86.ActiveCfg = Release|Any CPU
		{9617ED76-1596-49CA-864C-207DDFD279C2}.Release|x86.Build.0 = Release|Any CPU
		{7ABCDDF2-C8B5-4DE1-B8C5-B9C53E06758E}.Debug|Any CPU.ActiveCfg = Debug|Any CPU
		{7ABCDDF2-C8B5-4DE1-B8C5-B9C53E06758E}.Debug|Any CPU.Build.0 = Debug|Any CPU
		{7ABCDDF2-C8B5-4DE1-B8C5-B9C53E06758E}.Debug|x64.ActiveCfg = Debug|Any CPU
		{7ABCDDF2-C8B5-4DE1-B8C5-B9C53E06758E}.Debug|x64.Build.0 = Debug|Any CPU
		{7ABCDDF2-C8B5-4DE1-B8C5-B9C53E06758E}.Debug|x86.ActiveCfg = Debug|Any CPU
		{7ABCDDF2-C8B5-4DE1-B8C5-B9C53E06758E}.Debug|x86.Build.0 = Debug|Any CPU
		{7ABCDDF2-C8B5-4DE1-B8C5-B9C53E06758E}.Release|Any CPU.ActiveCfg = Release|Any CPU
		{7ABCDDF2-C8B5-4DE1-B8C5-B9C53E06758E}.Release|Any CPU.Build.0 = Release|Any CPU
		{7ABCDDF2-C8B5-4DE1-B8C5-B9C53E06758E}.Release|x64.ActiveCfg = Release|Any CPU
		{7ABCDDF2-C8B5-4DE1-B8C5-B9C53E06758E}.Release|x64.Build.0 = Release|Any CPU
		{7ABCDDF2-C8B5-4DE1-B8C5-B9C53E06758E}.Release|x86.ActiveCfg = Release|Any CPU
		{7ABCDDF2-C8B5-4DE1-B8C5-B9C53E06758E}.Release|x86.Build.0 = Release|Any CPU
		{68CC645D-C200-4452-9AFE-95BF79BCBCAC}.Debug|Any CPU.ActiveCfg = Debug|Any CPU
		{68CC645D-C200-4452-9AFE-95BF79BCBCAC}.Debug|Any CPU.Build.0 = Debug|Any CPU
		{68CC645D-C200-4452-9AFE-95BF79BCBCAC}.Debug|x64.ActiveCfg = Debug|Any CPU
		{68CC645D-C200-4452-9AFE-95BF79BCBCAC}.Debug|x64.Build.0 = Debug|Any CPU
		{68CC645D-C200-4452-9AFE-95BF79BCBCAC}.Debug|x86.ActiveCfg = Debug|Any CPU
		{68CC645D-C200-4452-9AFE-95BF79BCBCAC}.Debug|x86.Build.0 = Debug|Any CPU
		{68CC645D-C200-4452-9AFE-95BF79BCBCAC}.Release|Any CPU.ActiveCfg = Release|Any CPU
		{68CC645D-C200-4452-9AFE-95BF79BCBCAC}.Release|Any CPU.Build.0 = Release|Any CPU
		{68CC645D-C200-4452-9AFE-95BF79BCBCAC}.Release|x64.ActiveCfg = Release|Any CPU
		{68CC645D-C200-4452-9AFE-95BF79BCBCAC}.Release|x64.Build.0 = Release|Any CPU
		{68CC645D-C200-4452-9AFE-95BF79BCBCAC}.Release|x86.ActiveCfg = Release|Any CPU
		{68CC645D-C200-4452-9AFE-95BF79BCBCAC}.Release|x86.Build.0 = Release|Any CPU
	EndGlobalSection
	GlobalSection(SolutionProperties) = preSolution
		HideSolutionNode = FALSE
	EndGlobalSection
	GlobalSection(ExtensibilityGlobals) = postSolution
		SolutionGuid = {F14C8F98-1D15-472F-A546-FA8F24926E15}
	EndGlobalSection
EndGlobal
